
Microsoft Visual Studio Solution File, Format Version 12.00
# Visual Studio Version 17
VisualStudioVersion = 17.0.31903.59
MinimumVisualStudioVersion = 10.0.40219.1
Project("{9A19103F-16F7-4668-BE54-9A1E7A4F7556}") = "Leasons_1", "Урок 1\Leasons_1\Leasons_1.csproj", "{9965CAB5-E896-48E5-89AC-5F14B479AA6A}"
EndProject
Project("{9A19103F-16F7-4668-BE54-9A1E7A4F7556}") = "Leasons_2", "Урок 2\Leasons_2\Leasons_2.csproj", "{C7C09AB4-5C55-4E51-9C94-16871657670E}"
EndProject
Project("{9A19103F-16F7-4668-BE54-9A1E7A4F7556}") = "Leasons_3", "Урок 3\Leasons_3\Leasons_3.csproj", "{E9702E22-49EF-4573-8DDF-990F34A57154}"
EndProject
Project("{9A19103F-16F7-4668-BE54-9A1E7A4F7556}") = "Leasons_3.1", "Урок 3.1\Leasons_3.1\Leasons_3.1.csproj", "{9C677A6E-3FA2-4149-A861-39D8E31A4247}"
EndProject
Project("{9A19103F-16F7-4668-BE54-9A1E7A4F7556}") = "Leasons_4", "Урок 4\Leasons_4\Leasons_4.csproj", "{A182D0DE-DD1D-40D0-A4A9-7E2E00A032EA}"
EndProject
Project("{9A19103F-16F7-4668-BE54-9A1E7A4F7556}") = "Leasons_4.1", "Урок 4.1\Leasons_4.1\Leasons_4.1.csproj", "{0EC88F57-3303-49FE-A5E4-1A152F7CE12F}"
EndProject
Project("{9A19103F-16F7-4668-BE54-9A1E7A4F7556}") = "Leasons_4.2", "Урок 4.2\Leasons_4.2\Leasons_4.2.csproj", "{4EBBD251-714B-49C5-8AD8-F481E191C084}"
EndProject
Project("{9A19103F-16F7-4668-BE54-9A1E7A4F7556}") = "Leasons_5", "Урок 5\Leasons_5\Leasons_5.csproj", "{4257BEC2-2233-4AE8-93BC-07E8173FEF75}"
EndProject
Project("{9A19103F-16F7-4668-BE54-9A1E7A4F7556}") = "Leasons_5.1", "Урок 5.1\Leasons_5.1\Leasons_5.1.csproj", "{F246364A-14BB-4F57-9A5A-DACA42A61E06}"
EndProject
Project("{9A19103F-16F7-4668-BE54-9A1E7A4F7556}") = "Leasons_5.2", "Урок 5.2\Leasons_5.2\Leasons_5.2.csproj", "{6DD84FF5-D019-4C41-A687-00B6CBA536BF}"
EndProject
Project("{9A19103F-16F7-4668-BE54-9A1E7A4F7556}") = "Leasons_6", "Урок 6\Leasons_6\Leasons_6.csproj", "{9207500C-ACAE-4F4F-A40F-4E1FF19E650D}"
EndProject
Project("{9A19103F-16F7-4668-BE54-9A1E7A4F7556}") = "Leasons_6.1", "Урок 6.1\Leasons_6.1\Leasons_6.1.csproj", "{D5EDDADD-6078-4585-B584-7A094AB8FF5F}"
EndProject
Project("{9A19103F-16F7-4668-BE54-9A1E7A4F7556}") = "Leasons_6.2", "Урок 6.2\Leasons_6.2\Leasons_6.2.csproj", "{7A53D6BA-4D44-4EB8-A248-DCDC8CA2FA1F}"
EndProject
Project("{9A19103F-16F7-4668-BE54-9A1E7A4F7556}") = "Leasons_6.3", "Урок 6.3\Leasons_6.3\Leasons_6.3.csproj", "{27180F5B-6138-443A-9F39-E42318E6B6B3}"
EndProject
Project("{9A19103F-16F7-4668-BE54-9A1E7A4F7556}") = "Leasons_6.4", "Урок 6.4\Leasons_6.4\Leasons_6.4.csproj", "{A2E84E28-866A-4A4D-995F-D25F9B7512D3}"
EndProject
Project("{9A19103F-16F7-4668-BE54-9A1E7A4F7556}") = "Leasons_7", "Урок 7\Leasons_7\Leasons_7.csproj", "{B85ACAFC-9F9A-41F9-9CDE-CC20EE12E107}"
EndProject
Project("{9A19103F-16F7-4668-BE54-9A1E7A4F7556}") = "Leasons_7.1", "Урок 7.1\Leasons_7.1\Leasons_7.1.csproj", "{D70C3967-8B77-4136-9D08-B96417DDC349}"
EndProject
Project("{9A19103F-16F7-4668-BE54-9A1E7A4F7556}") = "Leasons_7.2", "Урок 7.2\Leasons_7.2\Leasons_7.2.csproj", "{A0E58278-5525-49ED-9994-A728A276C802}"
EndProject
Project("{9A19103F-16F7-4668-BE54-9A1E7A4F7556}") = "Leasons_8", "Урок 8\Leasons_8\Leasons_8.csproj", "{D122ABD1-C149-402F-AF02-FDBA8B070C67}"
EndProject
Project("{9A19103F-16F7-4668-BE54-9A1E7A4F7556}") = "Leasons_8.1", "Урок 8.1\Leasons_8.1\Leasons_8.1.csproj", "{D14AC287-FDDD-4E2F-BFDE-D28768DB51E0}"
EndProject
Project("{9A19103F-16F7-4668-BE54-9A1E7A4F7556}") = "Leasons_8.2", "Урок 8.2\Leasons_8.2\Leasons_8.2.csproj", "{2A1F5DDC-ECA6-449D-9485-7A5D896805A8}"
EndProject
Project("{9A19103F-16F7-4668-BE54-9A1E7A4F7556}") = "Leasons_8.3", "Урок 8.3\Leasons_8.3\Leasons_8.3.csproj", "{F6C95E52-C17B-44F4-B031-3ACE0DD25595}"
EndProject
Project("{9A19103F-16F7-4668-BE54-9A1E7A4F7556}") = "Leasons_8.4", "Урок 8.4\Leasons_8.4\Leasons_8.4.csproj", "{F348C32E-9ECA-4471-8EAC-337DBB5F2D7C}"
EndProject
Project("{9A19103F-16F7-4668-BE54-9A1E7A4F7556}") = "Leasons_8.5", "Урок 8.5\Leasons_8.5\Leasons_8.5.csproj", "{D226EFA7-6DF2-44A4-8888-D4F6F50F40D6}"
EndProject
Project("{9A19103F-16F7-4668-BE54-9A1E7A4F7556}") = "Leasons_8.6", "Урок 8.6\Leasons_8.6\Leasons_8.6.csproj", "{FECE587E-D59F-4C57-A287-8CF6D9E09FCC}"
EndProject
Project("{9A19103F-16F7-4668-BE54-9A1E7A4F7556}") = "Leasons_9", "Урок 9\Leasons_9\Leasons_9.csproj", "{93193EC2-BEC9-4B58-903E-D6493A6FC22E}"
EndProject
Project("{9A19103F-16F7-4668-BE54-9A1E7A4F7556}") = "Leasons_10", "Урок 10\Leasons_10\Leasons_10.csproj", "{DE09F928-CA88-47BF-A1A3-65ED0E12ABD7}"
EndProject
Project("{9A19103F-16F7-4668-BE54-9A1E7A4F7556}") = "Leasons_11", "Урок 11\Leasons_11\Leasons_11.csproj", "{4CF3DD87-5CF1-44E7-BE0D-6B21DDA52CB1}"
EndProject
Project("{9A19103F-16F7-4668-BE54-9A1E7A4F7556}") = "Leasons_12", "Урок 12\Leasons_12\Leasons_12.csproj", "{DBBF5B9E-6E49-4615-BC4B-64D1AA2BB786}"
EndProject
Project("{9A19103F-16F7-4668-BE54-9A1E7A4F7556}") = "Leasons_14", "Урок 14\Leasons_14\Leasons_14.csproj", "{651427EE-45EB-4B47-B6C5-5F0D206E3359}"
EndProject
Project("{9A19103F-16F7-4668-BE54-9A1E7A4F7556}") = "Leasons_15", "Урок 15\Leasons_15\Leasons_15.csproj", "{4EDEAA5A-E138-42D4-BA11-8A05EE01D1E4}"
EndProject
Project("{9A19103F-16F7-4668-BE54-9A1E7A4F7556}") = "Leasons_16", "Урок 16\Leasons_16\Leasons_16.csproj", "{BA1B2C82-43AC-424B-8B09-DC8BEF85D576}"
EndProject
Project("{9A19103F-16F7-4668-BE54-9A1E7A4F7556}") = "Leasons_17", "Урок 17\Leasons_17\Leasons_17.csproj", "{628ACAC0-6C0C-43ED-9400-39DA87B547A4}"
EndProject
Project("{9A19103F-16F7-4668-BE54-9A1E7A4F7556}") = "Leasons_18", "Урок 18\Leasons_18\Leasons_18.csproj", "{8CE31E84-075F-4758-BEB4-11D73F1C93CC}"
EndProject
Project("{9A19103F-16F7-4668-BE54-9A1E7A4F7556}") = "Leasons_19", "Урок 19\Leasons_19\Leasons_19.csproj", "{B7FC798C-6D22-4708-BB43-D7ED20E9FB60}"
EndProject
Project("{9A19103F-16F7-4668-BE54-9A1E7A4F7556}") = "Leasons_20", "Урок 20\Leasons_20\Leasons_20.csproj", "{65936286-C99C-4AD2-97B6-37AC608EEE8C}"
EndProject
Project("{9A19103F-16F7-4668-BE54-9A1E7A4F7556}") = "Leasons_21", "Урок 21\Leasons_21\Leasons_21.csproj", "{1491BD1A-4E6B-4B6C-A4F0-9B94B0B12682}"
EndProject
Project("{9A19103F-16F7-4668-BE54-9A1E7A4F7556}") = "Leasons_22", "Урок 22\Leasons_22\Leasons_22.csproj", "{C7D93FEF-0B55-4485-B555-2D35D65A0FDE}"
EndProject
Project("{9A19103F-16F7-4668-BE54-9A1E7A4F7556}") = "Leasons_23", "Урок 23\Leasons_23\Leasons_23.csproj", "{FED1AA59-23E0-4ED2-A71B-F3BF70D984F6}"
EndProject
Project("{9A19103F-16F7-4668-BE54-9A1E7A4F7556}") = "Leasons_24", "Урок 24\Leasons_24\Leasons_24.csproj", "{0E052C82-57BD-46EB-BC23-8CDA3C79000E}"
EndProject
Project("{9A19103F-16F7-4668-BE54-9A1E7A4F7556}") = "Leasons_25", "Урок 25\Leasons_25\Leasons_25.csproj", "{72E23983-2657-4F80-B488-36ADADE3B443}"
EndProject
Global
	GlobalSection(SolutionConfigurationPlatforms) = preSolution
		Debug|Any CPU = Debug|Any CPU
		Release|Any CPU = Release|Any CPU
	EndGlobalSection
	GlobalSection(ProjectConfigurationPlatforms) = postSolution
		{9965CAB5-E896-48E5-89AC-5F14B479AA6A}.Debug|Any CPU.ActiveCfg = Debug|Any CPU
		{9965CAB5-E896-48E5-89AC-5F14B479AA6A}.Debug|Any CPU.Build.0 = Debug|Any CPU
		{9965CAB5-E896-48E5-89AC-5F14B479AA6A}.Release|Any CPU.ActiveCfg = Release|Any CPU
		{9965CAB5-E896-48E5-89AC-5F14B479AA6A}.Release|Any CPU.Build.0 = Release|Any CPU
		{C7C09AB4-5C55-4E51-9C94-16871657670E}.Debug|Any CPU.ActiveCfg = Debug|Any CPU
		{C7C09AB4-5C55-4E51-9C94-16871657670E}.Debug|Any CPU.Build.0 = Debug|Any CPU
		{C7C09AB4-5C55-4E51-9C94-16871657670E}.Release|Any CPU.ActiveCfg = Release|Any CPU
		{C7C09AB4-5C55-4E51-9C94-16871657670E}.Release|Any CPU.Build.0 = Release|Any CPU
		{E9702E22-49EF-4573-8DDF-990F34A57154}.Debug|Any CPU.ActiveCfg = Debug|Any CPU
		{E9702E22-49EF-4573-8DDF-990F34A57154}.Debug|Any CPU.Build.0 = Debug|Any CPU
		{E9702E22-49EF-4573-8DDF-990F34A57154}.Release|Any CPU.ActiveCfg = Release|Any CPU
		{E9702E22-49EF-4573-8DDF-990F34A57154}.Release|Any CPU.Build.0 = Release|Any CPU
		{9C677A6E-3FA2-4149-A861-39D8E31A4247}.Debug|Any CPU.ActiveCfg = Debug|Any CPU
		{9C677A6E-3FA2-4149-A861-39D8E31A4247}.Debug|Any CPU.Build.0 = Debug|Any CPU
		{9C677A6E-3FA2-4149-A861-39D8E31A4247}.Release|Any CPU.ActiveCfg = Release|Any CPU
		{9C677A6E-3FA2-4149-A861-39D8E31A4247}.Release|Any CPU.Build.0 = Release|Any CPU
		{A182D0DE-DD1D-40D0-A4A9-7E2E00A032EA}.Debug|Any CPU.ActiveCfg = Debug|Any CPU
		{A182D0DE-DD1D-40D0-A4A9-7E2E00A032EA}.Debug|Any CPU.Build.0 = Debug|Any CPU
		{A182D0DE-DD1D-40D0-A4A9-7E2E00A032EA}.Release|Any CPU.ActiveCfg = Release|Any CPU
		{A182D0DE-DD1D-40D0-A4A9-7E2E00A032EA}.Release|Any CPU.Build.0 = Release|Any CPU
		{0EC88F57-3303-49FE-A5E4-1A152F7CE12F}.Debug|Any CPU.ActiveCfg = Debug|Any CPU
		{0EC88F57-3303-49FE-A5E4-1A152F7CE12F}.Debug|Any CPU.Build.0 = Debug|Any CPU
		{0EC88F57-3303-49FE-A5E4-1A152F7CE12F}.Release|Any CPU.ActiveCfg = Release|Any CPU
		{0EC88F57-3303-49FE-A5E4-1A152F7CE12F}.Release|Any CPU.Build.0 = Release|Any CPU
		{4EBBD251-714B-49C5-8AD8-F481E191C084}.Debug|Any CPU.ActiveCfg = Debug|Any CPU
		{4EBBD251-714B-49C5-8AD8-F481E191C084}.Debug|Any CPU.Build.0 = Debug|Any CPU
		{4EBBD251-714B-49C5-8AD8-F481E191C084}.Release|Any CPU.ActiveCfg = Release|Any CPU
		{4EBBD251-714B-49C5-8AD8-F481E191C084}.Release|Any CPU.Build.0 = Release|Any CPU
		{4257BEC2-2233-4AE8-93BC-07E8173FEF75}.Debug|Any CPU.ActiveCfg = Debug|Any CPU
		{4257BEC2-2233-4AE8-93BC-07E8173FEF75}.Debug|Any CPU.Build.0 = Debug|Any CPU
		{4257BEC2-2233-4AE8-93BC-07E8173FEF75}.Release|Any CPU.ActiveCfg = Release|Any CPU
		{4257BEC2-2233-4AE8-93BC-07E8173FEF75}.Release|Any CPU.Build.0 = Release|Any CPU
		{F246364A-14BB-4F57-9A5A-DACA42A61E06}.Debug|Any CPU.ActiveCfg = Debug|Any CPU
		{F246364A-14BB-4F57-9A5A-DACA42A61E06}.Debug|Any CPU.Build.0 = Debug|Any CPU
		{F246364A-14BB-4F57-9A5A-DACA42A61E06}.Release|Any CPU.ActiveCfg = Release|Any CPU
		{F246364A-14BB-4F57-9A5A-DACA42A61E06}.Release|Any CPU.Build.0 = Release|Any CPU
		{6DD84FF5-D019-4C41-A687-00B6CBA536BF}.Debug|Any CPU.ActiveCfg = Debug|Any CPU
		{6DD84FF5-D019-4C41-A687-00B6CBA536BF}.Debug|Any CPU.Build.0 = Debug|Any CPU
		{6DD84FF5-D019-4C41-A687-00B6CBA536BF}.Release|Any CPU.ActiveCfg = Release|Any CPU
		{6DD84FF5-D019-4C41-A687-00B6CBA536BF}.Release|Any CPU.Build.0 = Release|Any CPU
		{9207500C-ACAE-4F4F-A40F-4E1FF19E650D}.Debug|Any CPU.ActiveCfg = Debug|Any CPU
		{9207500C-ACAE-4F4F-A40F-4E1FF19E650D}.Debug|Any CPU.Build.0 = Debug|Any CPU
		{9207500C-ACAE-4F4F-A40F-4E1FF19E650D}.Release|Any CPU.ActiveCfg = Release|Any CPU
		{9207500C-ACAE-4F4F-A40F-4E1FF19E650D}.Release|Any CPU.Build.0 = Release|Any CPU
		{D5EDDADD-6078-4585-B584-7A094AB8FF5F}.Debug|Any CPU.ActiveCfg = Debug|Any CPU
		{D5EDDADD-6078-4585-B584-7A094AB8FF5F}.Debug|Any CPU.Build.0 = Debug|Any CPU
		{D5EDDADD-6078-4585-B584-7A094AB8FF5F}.Release|Any CPU.ActiveCfg = Release|Any CPU
		{D5EDDADD-6078-4585-B584-7A094AB8FF5F}.Release|Any CPU.Build.0 = Release|Any CPU
		{7A53D6BA-4D44-4EB8-A248-DCDC8CA2FA1F}.Debug|Any CPU.ActiveCfg = Debug|Any CPU
		{7A53D6BA-4D44-4EB8-A248-DCDC8CA2FA1F}.Debug|Any CPU.Build.0 = Debug|Any CPU
		{7A53D6BA-4D44-4EB8-A248-DCDC8CA2FA1F}.Release|Any CPU.ActiveCfg = Release|Any CPU
		{7A53D6BA-4D44-4EB8-A248-DCDC8CA2FA1F}.Release|Any CPU.Build.0 = Release|Any CPU
		{27180F5B-6138-443A-9F39-E42318E6B6B3}.Debug|Any CPU.ActiveCfg = Debug|Any CPU
		{27180F5B-6138-443A-9F39-E42318E6B6B3}.Debug|Any CPU.Build.0 = Debug|Any CPU
		{27180F5B-6138-443A-9F39-E42318E6B6B3}.Release|Any CPU.ActiveCfg = Release|Any CPU
		{27180F5B-6138-443A-9F39-E42318E6B6B3}.Release|Any CPU.Build.0 = Release|Any CPU
		{A2E84E28-866A-4A4D-995F-D25F9B7512D3}.Debug|Any CPU.ActiveCfg = Debug|Any CPU
		{A2E84E28-866A-4A4D-995F-D25F9B7512D3}.Debug|Any CPU.Build.0 = Debug|Any CPU
		{A2E84E28-866A-4A4D-995F-D25F9B7512D3}.Release|Any CPU.ActiveCfg = Release|Any CPU
		{A2E84E28-866A-4A4D-995F-D25F9B7512D3}.Release|Any CPU.Build.0 = Release|Any CPU
		{B85ACAFC-9F9A-41F9-9CDE-CC20EE12E107}.Debug|Any CPU.ActiveCfg = Debug|Any CPU
		{B85ACAFC-9F9A-41F9-9CDE-CC20EE12E107}.Debug|Any CPU.Build.0 = Debug|Any CPU
		{B85ACAFC-9F9A-41F9-9CDE-CC20EE12E107}.Release|Any CPU.ActiveCfg = Release|Any CPU
		{B85ACAFC-9F9A-41F9-9CDE-CC20EE12E107}.Release|Any CPU.Build.0 = Release|Any CPU
		{D70C3967-8B77-4136-9D08-B96417DDC349}.Debug|Any CPU.ActiveCfg = Debug|Any CPU
		{D70C3967-8B77-4136-9D08-B96417DDC349}.Debug|Any CPU.Build.0 = Debug|Any CPU
		{D70C3967-8B77-4136-9D08-B96417DDC349}.Release|Any CPU.ActiveCfg = Release|Any CPU
		{D70C3967-8B77-4136-9D08-B96417DDC349}.Release|Any CPU.Build.0 = Release|Any CPU
		{A0E58278-5525-49ED-9994-A728A276C802}.Debug|Any CPU.ActiveCfg = Debug|Any CPU
		{A0E58278-5525-49ED-9994-A728A276C802}.Debug|Any CPU.Build.0 = Debug|Any CPU
		{A0E58278-5525-49ED-9994-A728A276C802}.Release|Any CPU.ActiveCfg = Release|Any CPU
		{A0E58278-5525-49ED-9994-A728A276C802}.Release|Any CPU.Build.0 = Release|Any CPU
		{D122ABD1-C149-402F-AF02-FDBA8B070C67}.Debug|Any CPU.ActiveCfg = Debug|Any CPU
		{D122ABD1-C149-402F-AF02-FDBA8B070C67}.Debug|Any CPU.Build.0 = Debug|Any CPU
		{D122ABD1-C149-402F-AF02-FDBA8B070C67}.Release|Any CPU.ActiveCfg = Release|Any CPU
		{D122ABD1-C149-402F-AF02-FDBA8B070C67}.Release|Any CPU.Build.0 = Release|Any CPU
		{D14AC287-FDDD-4E2F-BFDE-D28768DB51E0}.Debug|Any CPU.ActiveCfg = Debug|Any CPU
		{D14AC287-FDDD-4E2F-BFDE-D28768DB51E0}.Debug|Any CPU.Build.0 = Debug|Any CPU
		{D14AC287-FDDD-4E2F-BFDE-D28768DB51E0}.Release|Any CPU.ActiveCfg = Release|Any CPU
		{D14AC287-FDDD-4E2F-BFDE-D28768DB51E0}.Release|Any CPU.Build.0 = Release|Any CPU
		{2A1F5DDC-ECA6-449D-9485-7A5D896805A8}.Debug|Any CPU.ActiveCfg = Debug|Any CPU
		{2A1F5DDC-ECA6-449D-9485-7A5D896805A8}.Debug|Any CPU.Build.0 = Debug|Any CPU
		{2A1F5DDC-ECA6-449D-9485-7A5D896805A8}.Release|Any CPU.ActiveCfg = Release|Any CPU
		{2A1F5DDC-ECA6-449D-9485-7A5D896805A8}.Release|Any CPU.Build.0 = Release|Any CPU
		{F6C95E52-C17B-44F4-B031-3ACE0DD25595}.Debug|Any CPU.ActiveCfg = Debug|Any CPU
		{F6C95E52-C17B-44F4-B031-3ACE0DD25595}.Debug|Any CPU.Build.0 = Debug|Any CPU
		{F6C95E52-C17B-44F4-B031-3ACE0DD25595}.Release|Any CPU.ActiveCfg = Release|Any CPU
		{F6C95E52-C17B-44F4-B031-3ACE0DD25595}.Release|Any CPU.Build.0 = Release|Any CPU
		{F348C32E-9ECA-4471-8EAC-337DBB5F2D7C}.Debug|Any CPU.ActiveCfg = Debug|Any CPU
		{F348C32E-9ECA-4471-8EAC-337DBB5F2D7C}.Debug|Any CPU.Build.0 = Debug|Any CPU
		{F348C32E-9ECA-4471-8EAC-337DBB5F2D7C}.Release|Any CPU.ActiveCfg = Release|Any CPU
		{F348C32E-9ECA-4471-8EAC-337DBB5F2D7C}.Release|Any CPU.Build.0 = Release|Any CPU
		{D226EFA7-6DF2-44A4-8888-D4F6F50F40D6}.Debug|Any CPU.ActiveCfg = Debug|Any CPU
		{D226EFA7-6DF2-44A4-8888-D4F6F50F40D6}.Debug|Any CPU.Build.0 = Debug|Any CPU
		{D226EFA7-6DF2-44A4-8888-D4F6F50F40D6}.Release|Any CPU.ActiveCfg = Release|Any CPU
		{D226EFA7-6DF2-44A4-8888-D4F6F50F40D6}.Release|Any CPU.Build.0 = Release|Any CPU
		{FECE587E-D59F-4C57-A287-8CF6D9E09FCC}.Debug|Any CPU.ActiveCfg = Debug|Any CPU
		{FECE587E-D59F-4C57-A287-8CF6D9E09FCC}.Debug|Any CPU.Build.0 = Debug|Any CPU
		{FECE587E-D59F-4C57-A287-8CF6D9E09FCC}.Release|Any CPU.ActiveCfg = Release|Any CPU
		{FECE587E-D59F-4C57-A287-8CF6D9E09FCC}.Release|Any CPU.Build.0 = Release|Any CPU
		{93193EC2-BEC9-4B58-903E-D6493A6FC22E}.Debug|Any CPU.ActiveCfg = Debug|Any CPU
		{93193EC2-BEC9-4B58-903E-D6493A6FC22E}.Debug|Any CPU.Build.0 = Debug|Any CPU
		{93193EC2-BEC9-4B58-903E-D6493A6FC22E}.Release|Any CPU.ActiveCfg = Release|Any CPU
		{93193EC2-BEC9-4B58-903E-D6493A6FC22E}.Release|Any CPU.Build.0 = Release|Any CPU
		{DE09F928-CA88-47BF-A1A3-65ED0E12ABD7}.Debug|Any CPU.ActiveCfg = Debug|Any CPU
		{DE09F928-CA88-47BF-A1A3-65ED0E12ABD7}.Debug|Any CPU.Build.0 = Debug|Any CPU
		{DE09F928-CA88-47BF-A1A3-65ED0E12ABD7}.Release|Any CPU.ActiveCfg = Release|Any CPU
		{DE09F928-CA88-47BF-A1A3-65ED0E12ABD7}.Release|Any CPU.Build.0 = Release|Any CPU
		{4CF3DD87-5CF1-44E7-BE0D-6B21DDA52CB1}.Debug|Any CPU.ActiveCfg = Debug|Any CPU
		{4CF3DD87-5CF1-44E7-BE0D-6B21DDA52CB1}.Debug|Any CPU.Build.0 = Debug|Any CPU
		{4CF3DD87-5CF1-44E7-BE0D-6B21DDA52CB1}.Release|Any CPU.ActiveCfg = Release|Any CPU
		{4CF3DD87-5CF1-44E7-BE0D-6B21DDA52CB1}.Release|Any CPU.Build.0 = Release|Any CPU
		{DBBF5B9E-6E49-4615-BC4B-64D1AA2BB786}.Debug|Any CPU.ActiveCfg = Debug|Any CPU
		{DBBF5B9E-6E49-4615-BC4B-64D1AA2BB786}.Debug|Any CPU.Build.0 = Debug|Any CPU
		{DBBF5B9E-6E49-4615-BC4B-64D1AA2BB786}.Release|Any CPU.ActiveCfg = Release|Any CPU
		{DBBF5B9E-6E49-4615-BC4B-64D1AA2BB786}.Release|Any CPU.Build.0 = Release|Any CPU
		{651427EE-45EB-4B47-B6C5-5F0D206E3359}.Debug|Any CPU.ActiveCfg = Debug|Any CPU
		{651427EE-45EB-4B47-B6C5-5F0D206E3359}.Debug|Any CPU.Build.0 = Debug|Any CPU
		{651427EE-45EB-4B47-B6C5-5F0D206E3359}.Release|Any CPU.ActiveCfg = Release|Any CPU
		{651427EE-45EB-4B47-B6C5-5F0D206E3359}.Release|Any CPU.Build.0 = Release|Any CPU
		{4EDEAA5A-E138-42D4-BA11-8A05EE01D1E4}.Debug|Any CPU.ActiveCfg = Debug|Any CPU
		{4EDEAA5A-E138-42D4-BA11-8A05EE01D1E4}.Debug|Any CPU.Build.0 = Debug|Any CPU
		{4EDEAA5A-E138-42D4-BA11-8A05EE01D1E4}.Release|Any CPU.ActiveCfg = Release|Any CPU
		{4EDEAA5A-E138-42D4-BA11-8A05EE01D1E4}.Release|Any CPU.Build.0 = Release|Any CPU
		{BA1B2C82-43AC-424B-8B09-DC8BEF85D576}.Debug|Any CPU.ActiveCfg = Debug|Any CPU
		{BA1B2C82-43AC-424B-8B09-DC8BEF85D576}.Debug|Any CPU.Build.0 = Debug|Any CPU
		{BA1B2C82-43AC-424B-8B09-DC8BEF85D576}.Release|Any CPU.ActiveCfg = Release|Any CPU
		{BA1B2C82-43AC-424B-8B09-DC8BEF85D576}.Release|Any CPU.Build.0 = Release|Any CPU
		{628ACAC0-6C0C-43ED-9400-39DA87B547A4}.Debug|Any CPU.ActiveCfg = Debug|Any CPU
		{628ACAC0-6C0C-43ED-9400-39DA87B547A4}.Debug|Any CPU.Build.0 = Debug|Any CPU
		{628ACAC0-6C0C-43ED-9400-39DA87B547A4}.Release|Any CPU.ActiveCfg = Release|Any CPU
		{628ACAC0-6C0C-43ED-9400-39DA87B547A4}.Release|Any CPU.Build.0 = Release|Any CPU
		{8CE31E84-075F-4758-BEB4-11D73F1C93CC}.Debug|Any CPU.ActiveCfg = Debug|Any CPU
		{8CE31E84-075F-4758-BEB4-11D73F1C93CC}.Debug|Any CPU.Build.0 = Debug|Any CPU
		{8CE31E84-075F-4758-BEB4-11D73F1C93CC}.Release|Any CPU.ActiveCfg = Release|Any CPU
		{8CE31E84-075F-4758-BEB4-11D73F1C93CC}.Release|Any CPU.Build.0 = Release|Any CPU
		{B7FC798C-6D22-4708-BB43-D7ED20E9FB60}.Debug|Any CPU.ActiveCfg = Debug|Any CPU
		{B7FC798C-6D22-4708-BB43-D7ED20E9FB60}.Debug|Any CPU.Build.0 = Debug|Any CPU
		{B7FC798C-6D22-4708-BB43-D7ED20E9FB60}.Release|Any CPU.ActiveCfg = Release|Any CPU
		{B7FC798C-6D22-4708-BB43-D7ED20E9FB60}.Release|Any CPU.Build.0 = Release|Any CPU
		{65936286-C99C-4AD2-97B6-37AC608EEE8C}.Debug|Any CPU.ActiveCfg = Debug|Any CPU
		{65936286-C99C-4AD2-97B6-37AC608EEE8C}.Debug|Any CPU.Build.0 = Debug|Any CPU
		{65936286-C99C-4AD2-97B6-37AC608EEE8C}.Release|Any CPU.ActiveCfg = Release|Any CPU
		{65936286-C99C-4AD2-97B6-37AC608EEE8C}.Release|Any CPU.Build.0 = Release|Any CPU
		{1491BD1A-4E6B-4B6C-A4F0-9B94B0B12682}.Debug|Any CPU.ActiveCfg = Debug|Any CPU
		{1491BD1A-4E6B-4B6C-A4F0-9B94B0B12682}.Debug|Any CPU.Build.0 = Debug|Any CPU
		{1491BD1A-4E6B-4B6C-A4F0-9B94B0B12682}.Release|Any CPU.ActiveCfg = Release|Any CPU
		{1491BD1A-4E6B-4B6C-A4F0-9B94B0B12682}.Release|Any CPU.Build.0 = Release|Any CPU
		{C7D93FEF-0B55-4485-B555-2D35D65A0FDE}.Debug|Any CPU.ActiveCfg = Debug|Any CPU
		{C7D93FEF-0B55-4485-B555-2D35D65A0FDE}.Debug|Any CPU.Build.0 = Debug|Any CPU
		{C7D93FEF-0B55-4485-B555-2D35D65A0FDE}.Release|Any CPU.ActiveCfg = Release|Any CPU
		{C7D93FEF-0B55-4485-B555-2D35D65A0FDE}.Release|Any CPU.Build.0 = Release|Any CPU
		{FED1AA59-23E0-4ED2-A71B-F3BF70D984F6}.Debug|Any CPU.ActiveCfg = Debug|Any CPU
		{FED1AA59-23E0-4ED2-A71B-F3BF70D984F6}.Debug|Any CPU.Build.0 = Debug|Any CPU
		{FED1AA59-23E0-4ED2-A71B-F3BF70D984F6}.Release|Any CPU.ActiveCfg = Release|Any CPU
		{FED1AA59-23E0-4ED2-A71B-F3BF70D984F6}.Release|Any CPU.Build.0 = Release|Any CPU
		{0E052C82-57BD-46EB-BC23-8CDA3C79000E}.Debug|Any CPU.ActiveCfg = Debug|Any CPU
		{0E052C82-57BD-46EB-BC23-8CDA3C79000E}.Debug|Any CPU.Build.0 = Debug|Any CPU
		{0E052C82-57BD-46EB-BC23-8CDA3C79000E}.Release|Any CPU.ActiveCfg = Release|Any CPU
		{0E052C82-57BD-46EB-BC23-8CDA3C79000E}.Release|Any CPU.Build.0 = Release|Any CPU
		{72E23983-2657-4F80-B488-36ADADE3B443}.Debug|Any CPU.ActiveCfg = Debug|Any CPU
		{72E23983-2657-4F80-B488-36ADADE3B443}.Debug|Any CPU.Build.0 = Debug|Any CPU
		{72E23983-2657-4F80-B488-36ADADE3B443}.Release|Any CPU.ActiveCfg = Release|Any CPU
		{72E23983-2657-4F80-B488-36ADADE3B443}.Release|Any CPU.Build.0 = Release|Any CPU
	EndGlobalSection
	GlobalSection(SolutionProperties) = preSolution
		HideSolutionNode = FALSE
	EndGlobalSection
	GlobalSection(ExtensibilityGlobals) = postSolution
		SolutionGuid = {F16C3755-EED1-473D-9260-635416427990}
	EndGlobalSection
EndGlobal
