
Microsoft Visual Studio Solution File, Format Version 12.00
# Visual Studio Version 17
VisualStudioVersion = 17.0.31903.59
MinimumVisualStudioVersion = 10.0.40219.1
Project("{FAE04EC0-301F-11D3-BF4B-00C04F79EFBC}") = "Leasons_14", "Leasons_14.csproj", "{A0C6C647-5BF5-4EEA-A6DF-1EAF23833C2F}"
EndProject
Global
	GlobalSection(SolutionConfigurationPlatforms) = preSolution
		Debug|Any CPU = Debug|Any CPU
		Release|Any CPU = Release|Any CPU
	EndGlobalSection
	GlobalSection(SolutionProperties) = preSolution
		HideSolutionNode = FALSE
	EndGlobalSection
	GlobalSection(ProjectConfigurationPlatforms) = postSolution
		{A0C6C647-5BF5-4EEA-A6DF-1EAF23833C2F}.Debug|Any CPU.ActiveCfg = Debug|Any CPU
		{A0C6C647-5BF5-4EEA-A6DF-1EAF23833C2F}.Debug|Any CPU.Build.0 = Debug|Any CPU
		{A0C6C647-5BF5-4EEA-A6DF-1EAF23833C2F}.Release|Any CPU.ActiveCfg = Release|Any CPU
		{A0C6C647-5BF5-4EEA-A6DF-1EAF23833C2F}.Release|Any CPU.Build.0 = Release|Any CPU
	EndGlobalSection
EndGlobal
